// !$*UTF8*$!
{
	archiveVersion = 1;
	classes = {
	};
	objectVersion = 46;
	objects = {

/* Begin PBXBuildFile section */
		4301468A1CB0530C00DC530B /* main.m in Sources */ = {isa = PBXBuildFile; fileRef = 430146891CB0530C00DC530B /* main.m */; };
		4301468D1CB0530C00DC530B /* AppDelegate.m in Sources */ = {isa = PBXBuildFile; fileRef = 4301468C1CB0530C00DC530B /* AppDelegate.m */; };
		430146901CB0530C00DC530B /* ViewController.m in Sources */ = {isa = PBXBuildFile; fileRef = 4301468F1CB0530C00DC530B /* ViewController.m */; };
		430146931CB0530C00DC530B /* Main.storyboard in Resources */ = {isa = PBXBuildFile; fileRef = 430146911CB0530C00DC530B /* Main.storyboard */; };
		430146951CB0530C00DC530B /* Assets.xcassets in Resources */ = {isa = PBXBuildFile; fileRef = 430146941CB0530C00DC530B /* Assets.xcassets */; };
		430146981CB0530C00DC530B /* LaunchScreen.storyboard in Resources */ = {isa = PBXBuildFile; fileRef = 430146961CB0530C00DC530B /* LaunchScreen.storyboard */; };
		430146A31CB0530C00DC530B /* FizzBuzzTests.m in Sources */ = {isa = PBXBuildFile; fileRef = 430146A21CB0530C00DC530B /* FizzBuzzTests.m */; };
		430146AE1CB0530C00DC530B /* FizzBuzzUITests.m in Sources */ = {isa = PBXBuildFile; fileRef = 430146AD1CB0530C00DC530B /* FizzBuzzUITests.m */; };
/* End PBXBuildFile section */

/* Begin PBXContainerItemProxy section */
		4301469F1CB0530C00DC530B /* PBXContainerItemProxy */ = {
			isa = PBXContainerItemProxy;
			containerPortal = 4301467D1CB0530B00DC530B /* Project object */;
			proxyType = 1;
			remoteGlobalIDString = 430146841CB0530B00DC530B;
			remoteInfo = FizzBuzz;
		};
		430146AA1CB0530C00DC530B /* PBXContainerItemProxy */ = {
			isa = PBXContainerItemProxy;
			containerPortal = 4301467D1CB0530B00DC530B /* Project object */;
			proxyType = 1;
			remoteGlobalIDString = 430146841CB0530B00DC530B;
			remoteInfo = FizzBuzz;
		};
/* End PBXContainerItemProxy section */

/* Begin PBXFileReference section */
		430146851CB0530C00DC530B /* FizzBuzz.app */ = {isa = PBXFileReference; explicitFileType = wrapper.application; includeInIndex = 0; path = FizzBuzz.app; sourceTree = BUILT_PRODUCTS_DIR; };
		430146891CB0530C00DC530B /* main.m */ = {isa = PBXFileReference; lastKnownFileType = sourcecode.c.objc; path = main.m; sourceTree = "<group>"; };
		4301468B1CB0530C00DC530B /* AppDelegate.h */ = {isa = PBXFileReference; lastKnownFileType = sourcecode.c.h; path = AppDelegate.h; sourceTree = "<group>"; };
		4301468C1CB0530C00DC530B /* AppDelegate.m */ = {isa = PBXFileReference; lastKnownFileType = sourcecode.c.objc; path = AppDelegate.m; sourceTree = "<group>"; };
		4301468E1CB0530C00DC530B /* ViewController.h */ = {isa = PBXFileReference; lastKnownFileType = sourcecode.c.h; path = ViewController.h; sourceTree = "<group>"; };
		4301468F1CB0530C00DC530B /* ViewController.m */ = {isa = PBXFileReference; lastKnownFileType = sourcecode.c.objc; path = ViewController.m; sourceTree = "<group>"; };
		430146921CB0530C00DC530B /* Base */ = {isa = PBXFileReference; lastKnownFileType = file.storyboard; name = Base; path = Base.lproj/Main.storyboard; sourceTree = "<group>"; };
		430146941CB0530C00DC530B /* Assets.xcassets */ = {isa = PBXFileReference; lastKnownFileType = folder.assetcatalog; path = Assets.xcassets; sourceTree = "<group>"; };
		430146971CB0530C00DC530B /* Base */ = {isa = PBXFileReference; lastKnownFileType = file.storyboard; name = Base; path = Base.lproj/LaunchScreen.storyboard; sourceTree = "<group>"; };
		430146991CB0530C00DC530B /* Info.plist */ = {isa = PBXFileReference; lastKnownFileType = text.plist.xml; path = Info.plist; sourceTree = "<group>"; };
		4301469E1CB0530C00DC530B /* FizzBuzzTests.xctest */ = {isa = PBXFileReference; explicitFileType = wrapper.cfbundle; includeInIndex = 0; path = FizzBuzzTests.xctest; sourceTree = BUILT_PRODUCTS_DIR; };
		430146A21CB0530C00DC530B /* FizzBuzzTests.m */ = {isa = PBXFileReference; lastKnownFileType = sourcecode.c.objc; path = FizzBuzzTests.m; sourceTree = "<group>"; };
		430146A41CB0530C00DC530B /* Info.plist */ = {isa = PBXFileReference; lastKnownFileType = text.plist.xml; path = Info.plist; sourceTree = "<group>"; };
		430146A91CB0530C00DC530B /* FizzBuzzUITests.xctest */ = {isa = PBXFileReference; explicitFileType = wrapper.cfbundle; includeInIndex = 0; path = FizzBuzzUITests.xctest; sourceTree = BUILT_PRODUCTS_DIR; };
		430146AD1CB0530C00DC530B /* FizzBuzzUITests.m */ = {isa = PBXFileReference; lastKnownFileType = sourcecode.c.objc; path = FizzBuzzUITests.m; sourceTree = "<group>"; };
		430146AF1CB0530C00DC530B /* Info.plist */ = {isa = PBXFileReference; lastKnownFileType = text.plist.xml; path = Info.plist; sourceTree = "<group>"; };
/* End PBXFileReference section */

/* Begin PBXFrameworksBuildPhase section */
		430146821CB0530B00DC530B /* Frameworks */ = {
			isa = PBXFrameworksBuildPhase;
			buildActionMask = 2147483647;
			files = (
			);
			runOnlyForDeploymentPostprocessing = 0;
		};
		4301469B1CB0530C00DC530B /* Frameworks */ = {
			isa = PBXFrameworksBuildPhase;
			buildActionMask = 2147483647;
			files = (
			);
			runOnlyForDeploymentPostprocessing = 0;
		};
		430146A61CB0530C00DC530B /* Frameworks */ = {
			isa = PBXFrameworksBuildPhase;
			buildActionMask = 2147483647;
			files = (
			);
			runOnlyForDeploymentPostprocessing = 0;
		};
/* End PBXFrameworksBuildPhase section */

/* Begin PBXGroup section */
		4301467C1CB0530B00DC530B = {
			isa = PBXGroup;
			children = (
				430146871CB0530C00DC530B /* FizzBuzz */,
				430146A11CB0530C00DC530B /* FizzBuzzTests */,
				430146AC1CB0530C00DC530B /* FizzBuzzUITests */,
				430146861CB0530C00DC530B /* Products */,
			);
			sourceTree = "<group>";
		};
		430146861CB0530C00DC530B /* Products */ = {
			isa = PBXGroup;
			children = (
				430146851CB0530C00DC530B /* FizzBuzz.app */,
				4301469E1CB0530C00DC530B /* FizzBuzzTests.xctest */,
				430146A91CB0530C00DC530B /* FizzBuzzUITests.xctest */,
			);
			name = Products;
			sourceTree = "<group>";
		};
		430146871CB0530C00DC530B /* FizzBuzz */ = {
			isa = PBXGroup;
			children = (
				4301468B1CB0530C00DC530B /* AppDelegate.h */,
				4301468C1CB0530C00DC530B /* AppDelegate.m */,
				4301468E1CB0530C00DC530B /* ViewController.h */,
				4301468F1CB0530C00DC530B /* ViewController.m */,
				430146911CB0530C00DC530B /* Main.storyboard */,
				430146941CB0530C00DC530B /* Assets.xcassets */,
				430146961CB0530C00DC530B /* LaunchScreen.storyboard */,
				430146991CB0530C00DC530B /* Info.plist */,
				430146881CB0530C00DC530B /* Supporting Files */,
			);
			path = FizzBuzz;
			sourceTree = "<group>";
		};
		430146881CB0530C00DC530B /* Supporting Files */ = {
			isa = PBXGroup;
			children = (
				430146891CB0530C00DC530B /* main.m */,
			);
			name = "Supporting Files";
			sourceTree = "<group>";
		};
		430146A11CB0530C00DC530B /* FizzBuzzTests */ = {
			isa = PBXGroup;
			children = (
				430146A21CB0530C00DC530B /* FizzBuzzTests.m */,
				430146A41CB0530C00DC530B /* Info.plist */,
			);
			path = FizzBuzzTests;
			sourceTree = "<group>";
		};
		430146AC1CB0530C00DC530B /* FizzBuzzUITests */ = {
			isa = PBXGroup;
			children = (
				430146AD1CB0530C00DC530B /* FizzBuzzUITests.m */,
				430146AF1CB0530C00DC530B /* Info.plist */,
			);
			path = FizzBuzzUITests;
			sourceTree = "<group>";
		};
/* End PBXGroup section */

/* Begin PBXNativeTarget section */
		430146841CB0530B00DC530B /* FizzBuzz */ = {
			isa = PBXNativeTarget;
			buildConfigurationList = 430146B21CB0530C00DC530B /* Build configuration list for PBXNativeTarget "FizzBuzz" */;
			buildPhases = (
				430146811CB0530B00DC530B /* Sources */,
				430146821CB0530B00DC530B /* Frameworks */,
				430146831CB0530B00DC530B /* Resources */,
			);
			buildRules = (
			);
			dependencies = (
			);
			name = FizzBuzz;
			productName = FizzBuzz;
			productReference = 430146851CB0530C00DC530B /* FizzBuzz.app */;
			productType = "com.apple.product-type.application";
		};
		4301469D1CB0530C00DC530B /* FizzBuzzTests */ = {
			isa = PBXNativeTarget;
			buildConfigurationList = 430146B51CB0530C00DC530B /* Build configuration list for PBXNativeTarget "FizzBuzzTests" */;
			buildPhases = (
				4301469A1CB0530C00DC530B /* Sources */,
				4301469B1CB0530C00DC530B /* Frameworks */,
				4301469C1CB0530C00DC530B /* Resources */,
			);
			buildRules = (
			);
			dependencies = (
				430146A01CB0530C00DC530B /* PBXTargetDependency */,
			);
			name = FizzBuzzTests;
			productName = FizzBuzzTests;
			productReference = 4301469E1CB0530C00DC530B /* FizzBuzzTests.xctest */;
			productType = "com.apple.product-type.bundle.unit-test";
		};
		430146A81CB0530C00DC530B /* FizzBuzzUITests */ = {
			isa = PBXNativeTarget;
			buildConfigurationList = 430146B81CB0530C00DC530B /* Build configuration list for PBXNativeTarget "FizzBuzzUITests" */;
			buildPhases = (
				430146A51CB0530C00DC530B /* Sources */,
				430146A61CB0530C00DC530B /* Frameworks */,
				430146A71CB0530C00DC530B /* Resources */,
			);
			buildRules = (
			);
			dependencies = (
				430146AB1CB0530C00DC530B /* PBXTargetDependency */,
			);
			name = FizzBuzzUITests;
			productName = FizzBuzzUITests;
			productReference = 430146A91CB0530C00DC530B /* FizzBuzzUITests.xctest */;
			productType = "com.apple.product-type.bundle.ui-testing";
		};
/* End PBXNativeTarget section */

/* Begin PBXProject section */
		4301467D1CB0530B00DC530B /* Project object */ = {
			isa = PBXProject;
			attributes = {
				LastUpgradeCheck = 0720;
				ORGANIZATIONNAME = Vectura;
				TargetAttributes = {
					430146841CB0530B00DC530B = {
						CreatedOnToolsVersion = 7.2.1;
					};
					4301469D1CB0530C00DC530B = {
						CreatedOnToolsVersion = 7.2.1;
						TestTargetID = 430146841CB0530B00DC530B;
					};
					430146A81CB0530C00DC530B = {
						CreatedOnToolsVersion = 7.2.1;
						TestTargetID = 430146841CB0530B00DC530B;
					};
				};
			};
			buildConfigurationList = 430146801CB0530B00DC530B /* Build configuration list for PBXProject "FizzBuzz" */;
			compatibilityVersion = "Xcode 3.2";
			developmentRegion = English;
			hasScannedForEncodings = 0;
			knownRegions = (
				en,
				Base,
			);
			mainGroup = 4301467C1CB0530B00DC530B;
			productRefGroup = 430146861CB0530C00DC530B /* Products */;
			projectDirPath = "";
			projectRoot = "";
			targets = (
				430146841CB0530B00DC530B /* FizzBuzz */,
				4301469D1CB0530C00DC530B /* FizzBuzzTests */,
				430146A81CB0530C00DC530B /* FizzBuzzUITests */,
			);
		};
/* End PBXProject section */

/* Begin PBXResourcesBuildPhase section */
		430146831CB0530B00DC530B /* Resources */ = {
			isa = PBXResourcesBuildPhase;
			buildActionMask = 2147483647;
			files = (
				430146981CB0530C00DC530B /* LaunchScreen.storyboard in Resources */,
				430146951CB0530C00DC530B /* Assets.xcassets in Resources */,
				430146931CB0530C00DC530B /* Main.storyboard in Resources */,
			);
			runOnlyForDeploymentPostprocessing = 0;
		};
		4301469C1CB0530C00DC530B /* Resources */ = {
			isa = PBXResourcesBuildPhase;
			buildActionMask = 2147483647;
			files = (
			);
			runOnlyForDeploymentPostprocessing = 0;
		};
		430146A71CB0530C00DC530B /* Resources */ = {
			isa = PBXResourcesBuildPhase;
			buildActionMask = 2147483647;
			files = (
			);
			runOnlyForDeploymentPostprocessing = 0;
		};
/* End PBXResourcesBuildPhase section */

/* Begin PBXSourcesBuildPhase section */
		430146811CB0530B00DC530B /* Sources */ = {
			isa = PBXSourcesBuildPhase;
			buildActionMask = 2147483647;
			files = (
				430146901CB0530C00DC530B /* ViewController.m in Sources */,
				4301468D1CB0530C00DC530B /* AppDelegate.m in Sources */,
				4301468A1CB0530C00DC530B /* main.m in Sources */,
			);
			runOnlyForDeploymentPostprocessing = 0;
		};
		4301469A1CB0530C00DC530B /* Sources */ = {
			isa = PBXSourcesBuildPhase;
			buildActionMask = 2147483647;
			files = (
				430146A31CB0530C00DC530B /* FizzBuzzTests.m in Sources */,
			);
			runOnlyForDeploymentPostprocessing = 0;
		};
		430146A51CB0530C00DC530B /* Sources */ = {
			isa = PBXSourcesBuildPhase;
			buildActionMask = 2147483647;
			files = (
				430146AE1CB0530C00DC530B /* FizzBuzzUITests.m in Sources */,
			);
			runOnlyForDeploymentPostprocessing = 0;
		};
/* End PBXSourcesBuildPhase section */

/* Begin PBXTargetDependency section */
		430146A01CB0530C00DC530B /* PBXTargetDependency */ = {
			isa = PBXTargetDependency;
			target = 430146841CB0530B00DC530B /* FizzBuzz */;
			targetProxy = 4301469F1CB0530C00DC530B /* PBXContainerItemProxy */;
		};
		430146AB1CB0530C00DC530B /* PBXTargetDependency */ = {
			isa = PBXTargetDependency;
			target = 430146841CB0530B00DC530B /* FizzBuzz */;
			targetProxy = 430146AA1CB0530C00DC530B /* PBXContainerItemProxy */;
		};
/* End PBXTargetDependency section */

/* Begin PBXVariantGroup section */
		430146911CB0530C00DC530B /* Main.storyboard */ = {
			isa = PBXVariantGroup;
			children = (
				430146921CB0530C00DC530B /* Base */,
			);
			name = Main.storyboard;
			sourceTree = "<group>";
		};
		430146961CB0530C00DC530B /* LaunchScreen.storyboard */ = {
			isa = PBXVariantGroup;
			children = (
				430146971CB0530C00DC530B /* Base */,
			);
			name = LaunchScreen.storyboard;
			sourceTree = "<group>";
		};
/* End PBXVariantGroup section */

/* Begin XCBuildConfiguration section */
		430146B01CB0530C00DC530B /* Debug */ = {
			isa = XCBuildConfiguration;
			buildSettings = {
				ALWAYS_SEARCH_USER_PATHS = NO;
				CLANG_CXX_LANGUAGE_STANDARD = "gnu++0x";
				CLANG_CXX_LIBRARY = "libc++";
				CLANG_ENABLE_MODULES = YES;
				CLANG_ENABLE_OBJC_ARC = YES;
				CLANG_WARN_BOOL_CONVERSION = YES;
				CLANG_WARN_CONSTANT_CONVERSION = YES;
				CLANG_WARN_DIRECT_OBJC_ISA_USAGE = YES_ERROR;
				CLANG_WARN_EMPTY_BODY = YES;
				CLANG_WARN_ENUM_CONVERSION = YES;
				CLANG_WARN_INT_CONVERSION = YES;
				CLANG_WARN_OBJC_ROOT_CLASS = YES_ERROR;
				CLANG_WARN_UNREACHABLE_CODE = YES;
				CLANG_WARN__DUPLICATE_METHOD_MATCH = YES;
				"CODE_SIGN_IDENTITY[sdk=iphoneos*]" = "iPhone Developer";
				COPY_PHASE_STRIP = NO;
				DEBUG_INFORMATION_FORMAT = dwarf;
				ENABLE_STRICT_OBJC_MSGSEND = YES;
				ENABLE_TESTABILITY = YES;
				GCC_C_LANGUAGE_STANDARD = gnu99;
				GCC_DYNAMIC_NO_PIC = NO;
				GCC_NO_COMMON_BLOCKS = YES;
				GCC_OPTIMIZATION_LEVEL = 0;
				GCC_PREPROCESSOR_DEFINITIONS = (
					"DEBUG=1",
					"$(inherited)",
				);
				GCC_WARN_64_TO_32_BIT_CONVERSION = YES;
				GCC_WARN_ABOUT_RETURN_TYPE = YES_ERROR;
				GCC_WARN_UNDECLARED_SELECTOR = YES;
				GCC_WARN_UNINITIALIZED_AUTOS = YES_AGGRESSIVE;
				GCC_WARN_UNUSED_FUNCTION = YES;
				GCC_WARN_UNUSED_VARIABLE = YES;
				IPHONEOS_DEPLOYMENT_TARGET = 9.2;
				MTL_ENABLE_DEBUG_INFO = YES;
				ONLY_ACTIVE_ARCH = YES;
				SDKROOT = iphoneos;
			};
			name = Debug;
		};
		430146B11CB0530C00DC530B /* Release */ = {
			isa = XCBuildConfiguration;
			buildSettings = {
				ALWAYS_SEARCH_USER_PATHS = NO;
				CLANG_CXX_LANGUAGE_STANDARD = "gnu++0x";
				CLANG_CXX_LIBRARY = "libc++";
				CLANG_ENABLE_MODULES = YES;
				CLANG_ENABLE_OBJC_ARC = YES;
				CLANG_WARN_BOOL_CONVERSION = YES;
				CLANG_WARN_CONSTANT_CONVERSION = YES;
				CLANG_WARN_DIRECT_OBJC_ISA_USAGE = YES_ERROR;
				CLANG_WARN_EMPTY_BODY = YES;
				CLANG_WARN_ENUM_CONVERSION = YES;
				CLANG_WARN_INT_CONVERSION = YES;
				CLANG_WARN_OBJC_ROOT_CLASS = YES_ERROR;
				CLANG_WARN_UNREACHABLE_CODE = YES;
				CLANG_WARN__DUPLICATE_METHOD_MATCH = YES;
				"CODE_SIGN_IDENTITY[sdk=iphoneos*]" = "iPhone Developer";
				COPY_PHASE_STRIP = NO;
				DEBUG_INFORMATION_FORMAT = "dwarf-with-dsym";
				ENABLE_NS_ASSERTIONS = NO;
				ENABLE_STRICT_OBJC_MSGSEND = YES;
				GCC_C_LANGUAGE_STANDARD = gnu99;
				GCC_NO_COMMON_BLOCKS = YES;
				GCC_WARN_64_TO_32_BIT_CONVERSION = YES;
				GCC_WARN_ABOUT_RETURN_TYPE = YES_ERROR;
				GCC_WARN_UNDECLARED_SELECTOR = YES;
				GCC_WARN_UNINITIALIZED_AUTOS = YES_AGGRESSIVE;
				GCC_WARN_UNUSED_FUNCTION = YES;
				GCC_WARN_UNUSED_VARIABLE = YES;
				IPHONEOS_DEPLOYMENT_TARGET = 9.2;
				MTL_ENABLE_DEBUG_INFO = NO;
				SDKROOT = iphoneos;
				VALIDATE_PRODUCT = YES;
			};
			name = Release;
		};
		430146B31CB0530C00DC530B /* Debug */ = {
			isa = XCBuildConfiguration;
			buildSettings = {
				ASSETCATALOG_COMPILER_APPICON_NAME = AppIcon;
				INFOPLIST_FILE = FizzBuzz/Info.plist;
				LD_RUNPATH_SEARCH_PATHS = "$(inherited) @executable_path/Frameworks";
				PRODUCT_BUNDLE_IDENTIFIER = com.vectura.FizzBuzz;
				PRODUCT_NAME = "$(TARGET_NAME)";
			};
			name = Debug;
		};
		430146B41CB0530C00DC530B /* Release */ = {
			isa = XCBuildConfiguration;
			buildSettings = {
				ASSETCATALOG_COMPILER_APPICON_NAME = AppIcon;
				INFOPLIST_FILE = FizzBuzz/Info.plist;
				LD_RUNPATH_SEARCH_PATHS = "$(inherited) @executable_path/Frameworks";
				PRODUCT_BUNDLE_IDENTIFIER = com.vectura.FizzBuzz;
				PRODUCT_NAME = "$(TARGET_NAME)";
			};
			name = Release;
		};
		430146B61CB0530C00DC530B /* Debug */ = {
			isa = XCBuildConfiguration;
			buildSettings = {
				BUNDLE_LOADER = "$(TEST_HOST)";
				INFOPLIST_FILE = FizzBuzzTests/Info.plist;
				LD_RUNPATH_SEARCH_PATHS = "$(inherited) @executable_path/Frameworks @loader_path/Frameworks";
				PRODUCT_BUNDLE_IDENTIFIER = com.vectura.FizzBuzzTests;
				PRODUCT_NAME = "$(TARGET_NAME)";
				TEST_HOST = "$(BUILT_PRODUCTS_DIR)/FizzBuzz.app/FizzBuzz";
			};
			name = Debug;
		};
		430146B71CB0530C00DC530B /* Release */ = {
			isa = XCBuildConfiguration;
			buildSettings = {
				BUNDLE_LOADER = "$(TEST_HOST)";
				INFOPLIST_FILE = FizzBuzzTests/Info.plist;
				LD_RUNPATH_SEARCH_PATHS = "$(inherited) @executable_path/Frameworks @loader_path/Frameworks";
				PRODUCT_BUNDLE_IDENTIFIER = com.vectura.FizzBuzzTests;
				PRODUCT_NAME = "$(TARGET_NAME)";
				TEST_HOST = "$(BUILT_PRODUCTS_DIR)/FizzBuzz.app/FizzBuzz";
			};
			name = Release;
		};
		430146B91CB0530C00DC530B /* Debug */ = {
			isa = XCBuildConfiguration;
			buildSettings = {
				INFOPLIST_FILE = FizzBuzzUITests/Info.plist;
				LD_RUNPATH_SEARCH_PATHS = "$(inherited) @executable_path/Frameworks @loader_path/Frameworks";
				PRODUCT_BUNDLE_IDENTIFIER = com.vectura.FizzBuzzUITests;
				PRODUCT_NAME = "$(TARGET_NAME)";
				TEST_TARGET_NAME = FizzBuzz;
				USES_XCTRUNNER = YES;
			};
			name = Debug;
		};
		430146BA1CB0530C00DC530B /* Release */ = {
			isa = XCBuildConfiguration;
			buildSettings = {
				INFOPLIST_FILE = FizzBuzzUITests/Info.plist;
				LD_RUNPATH_SEARCH_PATHS = "$(inherited) @executable_path/Frameworks @loader_path/Frameworks";
				PRODUCT_BUNDLE_IDENTIFIER = com.vectura.FizzBuzzUITests;
				PRODUCT_NAME = "$(TARGET_NAME)";
				TEST_TARGET_NAME = FizzBuzz;
				USES_XCTRUNNER = YES;
			};
			name = Release;
		};
/* End XCBuildConfiguration section */

/* Begin XCConfigurationList section */
		430146801CB0530B00DC530B /* Build configuration list for PBXProject "FizzBuzz" */ = {
			isa = XCConfigurationList;
			buildConfigurations = (
				430146B01CB0530C00DC530B /* Debug */,
				430146B11CB0530C00DC530B /* Release */,
			);
			defaultConfigurationIsVisible = 0;
			defaultConfigurationName = Release;
		};
		430146B21CB0530C00DC530B /* Build configuration list for PBXNativeTarget "FizzBuzz" */ = {
			isa = XCConfigurationList;
			buildConfigurations = (
				430146B31CB0530C00DC530B /* Debug */,
				430146B41CB0530C00DC530B /* Release */,
			);
			defaultConfigurationIsVisible = 0;
		};
		430146B51CB0530C00DC530B /* Build configuration list for PBXNativeTarget "FizzBuzzTests" */ = {
			isa = XCConfigurationList;
			buildConfigurations = (
				430146B61CB0530C00DC530B /* Debug */,
				430146B71CB0530C00DC530B /* Release */,
			);
			defaultConfigurationIsVisible = 0;
		};
		430146B81CB0530C00DC530B /* Build configuration list for PBXNativeTarget "FizzBuzzUITests" */ = {
			isa = XCConfigurationList;
			buildConfigurations = (
				430146B91CB0530C00DC530B /* Debug */,
				430146BA1CB0530C00DC530B /* Release */,
			);
			defaultConfigurationIsVisible = 0;
		};
/* End XCConfigurationList section */
	};
	rootObject = 4301467D1CB0530B00DC530B /* Project object */;
}
